
Microsoft Visual Studio Solution File, Format Version 12.00
# Visual Studio Version 16
VisualStudioVersion = 16.0.32002.261
MinimumVisualStudioVersion = 10.0.40219.1
Project("{FAE04EC0-301F-11D3-BF4B-00C04F79EFBC}") = "HuffmanArchiverForms", "HuffmanArchiverForms\HuffmanArchiverForms.csproj", "{73C7B9DF-16E1-4BFE-A464-76ECD13BB5B5}"
EndProject
Global
	GlobalSection(SolutionConfigurationPlatforms) = preSolution
		Debug|Any CPU = Debug|Any CPU
		Release|Any CPU = Release|Any CPU
	EndGlobalSection
	GlobalSection(ProjectConfigurationPlatforms) = postSolution
		{73C7B9DF-16E1-4BFE-A464-76ECD13BB5B5}.Debug|Any CPU.ActiveCfg = Debug|Any CPU
		{73C7B9DF-16E1-4BFE-A464-76ECD13BB5B5}.Debug|Any CPU.Build.0 = Debug|Any CPU
		{73C7B9DF-16E1-4BFE-A464-76ECD13BB5B5}.Release|Any CPU.ActiveCfg = Release|Any CPU
		{73C7B9DF-16E1-4BFE-A464-76ECD13BB5B5}.Release|Any CPU.Build.0 = Release|Any CPU
	EndGlobalSection
	GlobalSection(SolutionProperties) = preSolution
		HideSolutionNode = FALSE
	EndGlobalSection
	GlobalSection(ExtensibilityGlobals) = postSolution
		SolutionGuid = {3D80A982-E4B7-474C-96A3-3EECD4C16108}
	EndGlobalSection
EndGlobal
